# This file is automatically @generated by Cargo.
# It is not intended for manual editing.
version = 4

[[package]]
name = "ac-library-rs"
version = "0.1.1"
source = "registry+https://github.com/rust-lang/crates.io-index"
checksum = "09e1ead7b72f44698f97266946c0576d00c9e2010858f5aba47aa4660177ef73"

[[package]]
name = "library"
version = "0.1.0"
source = "git+https://github.com/ardRiriy/adry_library.git?rev=c0b225b9e8cc0a1bb958f2c8703987626ba4e9e3#c0b225b9e8cc0a1bb958f2c8703987626ba4e9e3"

[[package]]
name = "starter209"
version = "0.1.0"
dependencies = [
 "ac-library-rs",
 "library",
]
